# THIS IS AN AUTOGENERATED FILE. DO NOT EDIT THIS FILE DIRECTLY.
# yarn lockfile v1


"@babel/runtime@^7.2.0":
  version "7.8.4"
  resolved "https://registry.yarnpkg.com/@babel/runtime/-/runtime-7.8.4.tgz#d79f5a2040f7caa24d53e563aad49cbc05581308"
  integrity sha512-neAp3zt80trRVBI1x0azq6c57aNBqYZH8KhMm3TaB7wEI5Q4A2SHfBHE8w9gOhI/lrqxtEbXZgQIrHP+wvSGwQ==
  dependencies:
    regenerator-runtime "^0.13.2"

"@babel/runtime@^7.8.3", "@babel/runtime@^7.9.2":
  version "7.9.2"
  resolved "https://registry.yarnpkg.com/@babel/runtime/-/runtime-7.9.2.tgz#d90df0583a3a252f09aaa619665367bae518db06"
  integrity sha512-NE2DtOdufG7R5vnfQUTehdTfNycfUANEtCa9PssN9O/xmTzP4E08UI797ixaei6hBEVL9BI/PsdJS5x7mWoB9Q==
  dependencies:
    regenerator-runtime "^0.13.4"

es6-error@^4.1.1:
  version "4.1.1"
  resolved "https://registry.yarnpkg.com/es6-error/-/es6-error-4.1.1.tgz#9e3af407459deed47e9a91f9b885a84eb05c561d"
  integrity sha512-Um/+FxMr9CISWh0bi5Zv0iOD+4cFh5qLeks1qhAopKVAJw3drgKbKySikp7wGhDL0HPeaja0P5ULZrxLkniUVg==

final-form@^4.19.1:
  version "4.19.1"
  resolved "https://registry.yarnpkg.com/final-form/-/final-form-4.19.1.tgz#1aa1a3bf67f7399b54ed6185d56f9a8d74cfda5a"
  integrity sha512-C4RldRCUs8YZod91ydtrsT+TOeG3fwU4ip9oBDXhvbWdQ6iXl4cIrTAQkqpWijbnI3XFVA0akV7YTjSFJMJ2uw==
  dependencies:
    "@babel/runtime" "^7.8.3"

hoist-non-react-statics@^3.2.1:
  version "3.3.2"
  resolved "https://registry.yarnpkg.com/hoist-non-react-statics/-/hoist-non-react-statics-3.3.2.tgz#ece0acaf71d62c2969c2ec59feff42a4b1a85b45"
  integrity sha512-/gGivxi8JPKWNm/W0jSmzcMPpfpPLc3dY/6GxhX2hQ9iGj3aDfklV4ET7NjKpSinLpJ5vafa9iiGIEZg10SfBw==
  dependencies:
    react-is "^16.7.0"

immutable@3.8.2:
  version "3.8.2"
  resolved "https://registry.yarnpkg.com/immutable/-/immutable-3.8.2.tgz#c2439951455bb39913daf281376f1530e104adf3"
  integrity sha1-wkOZUUVbs5kT2vKBN28VMOEErfM=

invariant@^2.2.4:
  version "2.2.4"
  resolved "https://registry.yarnpkg.com/invariant/-/invariant-2.2.4.tgz#610f3c92c9359ce1db616e538008d23ff35158e6"
  integrity sha512-phJfQVBuaJM5raOpJjSfkiD6BpbCE4Ns//LaXl6wGYtUBY83nWS6Rf9tXm2e8VaK60JEjYldbPif/A2B1C2gNA==
  dependencies:
    loose-envify "^1.0.0"

is-promise@^2.1.0:
  version "2.1.0"
  resolved "https://registry.yarnpkg.com/is-promise/-/is-promise-2.1.0.tgz#79a2a9ece7f096e80f36d2b2f3bc16c1ff4bf3fa"
  integrity sha1-eaKp7OfwlugPNtKy87wWwf9L8/o=

"js-tokens@^3.0.0 || ^4.0.0":
  version "4.0.0"
  resolved "https://registry.yarnpkg.com/js-tokens/-/js-tokens-4.0.0.tgz#19203fb59991df98e3a287050d4647cdeaf32499"
  integrity sha512-RdJUflcE3cUzKiMqQgsCu06FPu9UdIJO0beYbPhHN4k6apgJtifcoCtT9bcxOpYBtpD2kCM6Sbzg4CausW/PKQ==

lodash-es@^4.17.15:
  version "4.17.15"
  resolved "https://registry.yarnpkg.com/lodash-es/-/lodash-es-4.17.15.tgz#21bd96839354412f23d7a10340e5eac6ee455d78"
  integrity sha512-rlrc3yU3+JNOpZ9zj5pQtxnx2THmvRykwL4Xlxoa8I9lHBlVbbyPhgyPMioxVZ4NqyxaVVtaJnzsyOidQIhyyQ==

lodash@^4.17.15, lodash@^4.17.21:
  version "4.17.21"
  resolved "https://registry.yarnpkg.com/lodash/-/lodash-4.17.21.tgz#679591c564c3bffaae8454cf0b3df370c3d6911c"
  integrity sha512-v2kDEe57lecTulaDIuNTPy3Ry4gLGJ6Z1O3vE1krgXZNrsQ+LFTGHVxVjcXPs17LhbZVGedAJv8XZ1tvj5FvSg==

loose-envify@^1.0.0, loose-envify@^1.4.0:
  version "1.4.0"
  resolved "https://registry.yarnpkg.com/loose-envify/-/loose-envify-1.4.0.tgz#71ee51fa7be4caec1a63839f7e682d8132d30caf"
  integrity sha512-lyuxPGr/Wfhrlem2CL/UcnUc1zcqKAImBDzukY7Y5F/yQiNdko6+fRLevlw1HgMySw7f611UIY408EtxRSoK3Q==
  dependencies:
    js-tokens "^3.0.0 || ^4.0.0"

object-assign@^4.1.1:
  version "4.1.1"
  resolved "https://registry.yarnpkg.com/object-assign/-/object-assign-4.1.1.tgz#2109adc7965887cfc05cbbd442cac8bfbb360863"
  integrity sha1-IQmtx5ZYh8/AXLvUQsrIv7s2CGM=

path-to-regexp@^6.1.0:
  version "6.1.0"
  resolved "https://registry.yarnpkg.com/path-to-regexp/-/path-to-regexp-6.1.0.tgz#0b18f88b7a0ce0bfae6a25990c909ab86f512427"
  integrity sha512-h9DqehX3zZZDCEm+xbfU0ZmwCGFCAAraPJWMXJ4+v32NjZJilVg3k1TcKsRgIb8IQ/izZSaydDc1OhJCZvs2Dw==

prop-types@^15.6.1, prop-types@^15.7.2:
  version "15.7.2"
  resolved "https://registry.yarnpkg.com/prop-types/-/prop-types-15.7.2.tgz#52c41e75b8c87e72b9d9360e0206b99dcbffa6c5"
  integrity sha512-8QQikdH7//R2vurIJSutZ1smHYTcLpRWEOlHnzcWHmBYrOGUysKwSsrC89BCiFj3CbrfJ/nXFdJepOVrY1GCHQ==
  dependencies:
    loose-envify "^1.4.0"
    object-assign "^4.1.1"
    react-is "^16.8.1"

react-final-form@^6.4.0:
  version "6.4.0"
  resolved "https://registry.yarnpkg.com/react-final-form/-/react-final-form-6.4.0.tgz#7f9064c10a8bee6a02cd3e9b8aff06fa07f9c908"
  integrity sha512-M7J7f0pnoj0o8sBq3iG6jsWJEh08pNUyl2D4wBC9SJvCNkGdol2UdyjMiEFYD3rz9LIFzQqFSG0kbRBCadqzhA==
  dependencies:
    "@babel/runtime" "^7.9.2"
    ts-essentials "^6.0.3"

react-is@^16.7.0, react-is@^16.8.1:
  version "16.12.0"
  resolved "https://registry.yarnpkg.com/react-is/-/react-is-16.12.0.tgz#2cc0fe0fba742d97fd527c42a13bec4eeb06241c"
  integrity sha512-rPCkf/mWBtKc97aLL9/txD8DZdemK0vkA3JMLShjlJB3Pj3s+lpf1KaBzMfQrAmhMQB0n1cU/SUGgKKBCe837Q==

react-lifecycles-compat@^3.0.4:
  version "3.0.4"
  resolved "https://registry.yarnpkg.com/react-lifecycles-compat/-/react-lifecycles-compat-3.0.4.tgz#4f1a273afdfc8f3488a8c516bfda78f872352362"
  integrity sha512-fBASbA6LnOU9dOU2eW7aQ8xmYBSXUIWr+UmF9b1efZBazGNO+rcXT/icdKnYm2pTwcRylVUYwW7H1PHfLekVzA==

redux-form@^8.3.0:
  version "8.3.0"
  resolved "https://registry.yarnpkg.com/redux-form/-/redux-form-8.3.0.tgz#8edb11013aa4d1d4d53225f314bf43940f31756e"
  integrity sha512-shifJvwJXaL7AmwFaRVIOLybd5kt37yXhRM2RS7wcxrD13W5Mhb+T7C3VTGhsO3sd/guXjFgiURZpPxF+vel4w==
  dependencies:
    "@babel/runtime" "^7.2.0"
    es6-error "^4.1.1"
    hoist-non-react-statics "^3.2.1"
    invariant "^2.2.4"
    is-promise "^2.1.0"
    lodash "^4.17.15"
    lodash-es "^4.17.15"
    prop-types "^15.6.1"
    react-is "^16.7.0"
    react-lifecycles-compat "^3.0.4"
  optionalDependencies:
    immutable "3.8.2"

regenerator-runtime@^0.13.2:
  version "0.13.3"
  resolved "https://registry.yarnpkg.com/regenerator-runtime/-/regenerator-runtime-0.13.3.tgz#7cf6a77d8f5c6f60eb73c5fc1955b2ceb01e6bf5"
  integrity sha512-naKIZz2GQ8JWh///G7L3X6LaQUAMp2lvb1rvwwsURe/VXwD6VMfr+/1NuNw3ag8v2kY1aQ/go5SNn79O9JU7yw==

regenerator-runtime@^0.13.4:
  version "0.13.5"
  resolved "https://registry.yarnpkg.com/regenerator-runtime/-/regenerator-runtime-0.13.5.tgz#d878a1d094b4306d10b9096484b33ebd55e26697"
  integrity sha512-ZS5w8CpKFinUzOwW3c83oPeVXoNsrLsaCoLtJvAClH135j/R77RuymhiSErhm2lKcwSCIpmvIWSbDkIfAqKQlA==

reselect@^4.0.0:
  version "4.0.0"
  resolved "https://registry.yarnpkg.com/reselect/-/reselect-4.0.0.tgz#f2529830e5d3d0e021408b246a206ef4ea4437f7"
  integrity sha512-qUgANli03jjAyGlnbYVAV5vvnOmJnODyABz51RdBN7M4WaVu8mecZWgyQNkG8Yqe3KRGRt0l4K4B3XVEULC4CA==

ts-essentials@^6.0.3:
  version "6.0.4"
  resolved "https://registry.yarnpkg.com/ts-essentials/-/ts-essentials-6.0.4.tgz#d36055bf0a7620b1338da6aafd2268787e208aab"
  integrity sha512-ZtU9zgSnn8DcAxDZY1DJF8rnxsen8M0IVkO7dVB5fTEOVs7o/0RA4V6i99PIg99bpX81Sgb0FCLjQqD5Ufz3rQ==
